// !$*UTF8*$!
{
	archiveVersion = 1;
	classes = {
	};
	objectVersion = 46;
	objects = {

/* Begin PBXBuildFile section */
		E74DDDBC1CBBD19E00A6500B /* main.m in Sources */ = {isa = PBXBuildFile; fileRef = E74DDDBB1CBBD19E00A6500B /* main.m */; };
		E74DDDBF1CBBD19E00A6500B /* AppDelegate.m in Sources */ = {isa = PBXBuildFile; fileRef = E74DDDBE1CBBD19E00A6500B /* AppDelegate.m */; };
		E74DDDC21CBBD19E00A6500B /* ViewController.m in Sources */ = {isa = PBXBuildFile; fileRef = E74DDDC11CBBD19E00A6500B /* ViewController.m */; };
		E74DDDC51CBBD19E00A6500B /* Main.storyboard in Resources */ = {isa = PBXBuildFile; fileRef = E74DDDC31CBBD19E00A6500B /* Main.storyboard */; };
		E74DDDC71CBBD19E00A6500B /* Images.xcassets in Resources */ = {isa = PBXBuildFile; fileRef = E74DDDC61CBBD19E00A6500B /* Images.xcassets */; };
		E74DDDCA1CBBD19E00A6500B /* LaunchScreen.xib in Resources */ = {isa = PBXBuildFile; fileRef = E74DDDC81CBBD19E00A6500B /* LaunchScreen.xib */; };
		E74DDDD61CBBD19E00A6500B /* ConnectWithAppTests.m in Sources */ = {isa = PBXBuildFile; fileRef = E74DDDD51CBBD19E00A6500B /* ConnectWithAppTests.m */; };
/* End PBXBuildFile section */

/* Begin PBXContainerItemProxy section */
		E74DDDD01CBBD19E00A6500B /* PBXContainerItemProxy */ = {
			isa = PBXContainerItemProxy;
			containerPortal = E74DDDAE1CBBD19E00A6500B /* Project object */;
			proxyType = 1;
			remoteGlobalIDString = E74DDDB51CBBD19E00A6500B;
			remoteInfo = ConnectWithApp;
		};
/* End PBXContainerItemProxy section */

/* Begin PBXFileReference section */
		E74DDDB61CBBD19E00A6500B /* ConnectWithApp.app */ = {isa = PBXFileReference; explicitFileType = wrapper.application; includeInIndex = 0; path = ConnectWithApp.app; sourceTree = BUILT_PRODUCTS_DIR; };
		E74DDDBA1CBBD19E00A6500B /* Info.plist */ = {isa = PBXFileReference; lastKnownFileType = text.plist.xml; path = Info.plist; sourceTree = "<group>"; };
		E74DDDBB1CBBD19E00A6500B /* main.m */ = {isa = PBXFileReference; lastKnownFileType = sourcecode.c.objc; path = main.m; sourceTree = "<group>"; };
		E74DDDBD1CBBD19E00A6500B /* AppDelegate.h */ = {isa = PBXFileReference; lastKnownFileType = sourcecode.c.h; path = AppDelegate.h; sourceTree = "<group>"; };
		E74DDDBE1CBBD19E00A6500B /* AppDelegate.m */ = {isa = PBXFileReference; lastKnownFileType = sourcecode.c.objc; path = AppDelegate.m; sourceTree = "<group>"; };
		E74DDDC01CBBD19E00A6500B /* ViewController.h */ = {isa = PBXFileReference; lastKnownFileType = sourcecode.c.h; path = ViewController.h; sourceTree = "<group>"; };
		E74DDDC11CBBD19E00A6500B /* ViewController.m */ = {isa = PBXFileReference; lastKnownFileType = sourcecode.c.objc; path = ViewController.m; sourceTree = "<group>"; };
		E74DDDC41CBBD19E00A6500B /* Base */ = {isa = PBXFileReference; lastKnownFileType = file.storyboard; name = Base; path = Base.lproj/Main.storyboard; sourceTree = "<group>"; };
		E74DDDC61CBBD19E00A6500B /* Images.xcassets */ = {isa = PBXFileReference; lastKnownFileType = folder.assetcatalog; path = Images.xcassets; sourceTree = "<group>"; };
		E74DDDC91CBBD19E00A6500B /* Base */ = {isa = PBXFileReference; lastKnownFileType = file.xib; name = Base; path = Base.lproj/LaunchScreen.xib; sourceTree = "<group>"; };
		E74DDDCF1CBBD19E00A6500B /* ConnectWithAppTests.xctest */ = {isa = PBXFileReference; explicitFileType = wrapper.cfbundle; includeInIndex = 0; path = ConnectWithAppTests.xctest; sourceTree = BUILT_PRODUCTS_DIR; };
		E74DDDD41CBBD19E00A6500B /* Info.plist */ = {isa = PBXFileReference; lastKnownFileType = text.plist.xml; path = Info.plist; sourceTree = "<group>"; };
		E74DDDD51CBBD19E00A6500B /* ConnectWithAppTests.m */ = {isa = PBXFileReference; lastKnownFileType = sourcecode.c.objc; path = ConnectWithAppTests.m; sourceTree = "<group>"; };
/* End PBXFileReference section */

/* Begin PBXFrameworksBuildPhase section */
		E74DDDB31CBBD19E00A6500B /* Frameworks */ = {
			isa = PBXFrameworksBuildPhase;
			buildActionMask = 2147483647;
			files = (
			);
			runOnlyForDeploymentPostprocessing = 0;
		};
		E74DDDCC1CBBD19E00A6500B /* Frameworks */ = {
			isa = PBXFrameworksBuildPhase;
			buildActionMask = 2147483647;
			files = (
			);
			runOnlyForDeploymentPostprocessing = 0;
		};
/* End PBXFrameworksBuildPhase section */

/* Begin PBXGroup section */
		E74DDDAD1CBBD19E00A6500B = {
			isa = PBXGroup;
			children = (
				E74DDDB81CBBD19E00A6500B /* ConnectWithApp */,
				E74DDDD21CBBD19E00A6500B /* ConnectWithAppTests */,
				E74DDDB71CBBD19E00A6500B /* Products */,
			);
			sourceTree = "<group>";
		};
		E74DDDB71CBBD19E00A6500B /* Products */ = {
			isa = PBXGroup;
			children = (
				E74DDDB61CBBD19E00A6500B /* ConnectWithApp.app */,
				E74DDDCF1CBBD19E00A6500B /* ConnectWithAppTests.xctest */,
			);
			name = Products;
			sourceTree = "<group>";
		};
		E74DDDB81CBBD19E00A6500B /* ConnectWithApp */ = {
			isa = PBXGroup;
			children = (
				E74DDDBD1CBBD19E00A6500B /* AppDelegate.h */,
				E74DDDBE1CBBD19E00A6500B /* AppDelegate.m */,
				E74DDDC01CBBD19E00A6500B /* ViewController.h */,
				E74DDDC11CBBD19E00A6500B /* ViewController.m */,
				E74DDDC31CBBD19E00A6500B /* Main.storyboard */,
				E74DDDC61CBBD19E00A6500B /* Images.xcassets */,
				E74DDDC81CBBD19E00A6500B /* LaunchScreen.xib */,
				E74DDDB91CBBD19E00A6500B /* Supporting Files */,
			);
			path = ConnectWithApp;
			sourceTree = "<group>";
		};
		E74DDDB91CBBD19E00A6500B /* Supporting Files */ = {
			isa = PBXGroup;
			children = (
				E74DDDBA1CBBD19E00A6500B /* Info.plist */,
				E74DDDBB1CBBD19E00A6500B /* main.m */,
			);
			name = "Supporting Files";
			sourceTree = "<group>";
		};
		E74DDDD21CBBD19E00A6500B /* ConnectWithAppTests */ = {
			isa = PBXGroup;
			children = (
				E74DDDD51CBBD19E00A6500B /* ConnectWithAppTests.m */,
				E74DDDD31CBBD19E00A6500B /* Supporting Files */,
			);
			path = ConnectWithAppTests;
			sourceTree = "<group>";
		};
		E74DDDD31CBBD19E00A6500B /* Supporting Files */ = {
			isa = PBXGroup;
			children = (
				E74DDDD41CBBD19E00A6500B /* Info.plist */,
			);
			name = "Supporting Files";
			sourceTree = "<group>";
		};
/* End PBXGroup section */

/* Begin PBXNativeTarget section */
		E74DDDB51CBBD19E00A6500B /* ConnectWithApp */ = {
			isa = PBXNativeTarget;
			buildConfigurationList = E74DDDD91CBBD19E00A6500B /* Build configuration list for PBXNativeTarget "ConnectWithApp" */;
			buildPhases = (
				E74DDDB21CBBD19E00A6500B /* Sources */,
				E74DDDB31CBBD19E00A6500B /* Frameworks */,
				E74DDDB41CBBD19E00A6500B /* Resources */,
			);
			buildRules = (
			);
			dependencies = (
			);
			name = ConnectWithApp;
			productName = ConnectWithApp;
			productReference = E74DDDB61CBBD19E00A6500B /* ConnectWithApp.app */;
			productType = "com.apple.product-type.application";
		};
		E74DDDCE1CBBD19E00A6500B /* ConnectWithAppTests */ = {
			isa = PBXNativeTarget;
			buildConfigurationList = E74DDDDC1CBBD19E00A6500B /* Build configuration list for PBXNativeTarget "ConnectWithAppTests" */;
			buildPhases = (
				E74DDDCB1CBBD19E00A6500B /* Sources */,
				E74DDDCC1CBBD19E00A6500B /* Frameworks */,
				E74DDDCD1CBBD19E00A6500B /* Resources */,
			);
			buildRules = (
			);
			dependencies = (
				E74DDDD11CBBD19E00A6500B /* PBXTargetDependency */,
			);
			name = ConnectWithAppTests;
			productName = ConnectWithAppTests;
			productReference = E74DDDCF1CBBD19E00A6500B /* ConnectWithAppTests.xctest */;
			productType = "com.apple.product-type.bundle.unit-test";
		};
/* End PBXNativeTarget section */

/* Begin PBXProject section */
		E74DDDAE1CBBD19E00A6500B /* Project object */ = {
			isa = PBXProject;
			attributes = {
				LastUpgradeCheck = 0610;
				ORGANIZATIONNAME = tops;
				TargetAttributes = {
					E74DDDB51CBBD19E00A6500B = {
						CreatedOnToolsVersion = 6.1;
					};
					E74DDDCE1CBBD19E00A6500B = {
						CreatedOnToolsVersion = 6.1;
						TestTargetID = E74DDDB51CBBD19E00A6500B;
					};
				};
			};
			buildConfigurationList = E74DDDB11CBBD19E00A6500B /* Build configuration list for PBXProject "ConnectWithApp" */;
			compatibilityVersion = "Xcode 3.2";
			developmentRegion = English;
			hasScannedForEncodings = 0;
			knownRegions = (
				en,
				Base,
			);
			mainGroup = E74DDDAD1CBBD19E00A6500B;
			productRefGroup = E74DDDB71CBBD19E00A6500B /* Products */;
			projectDirPath = "";
			projectRoot = "";
			targets = (
				E74DDDB51CBBD19E00A6500B /* ConnectWithApp */,
				E74DDDCE1CBBD19E00A6500B /* ConnectWithAppTests */,
			);
		};
/* End PBXProject section */

/* Begin PBXResourcesBuildPhase section */
		E74DDDB41CBBD19E00A6500B /* Resources */ = {
			isa = PBXResourcesBuildPhase;
			buildActionMask = 2147483647;
			files = (
				E74DDDC51CBBD19E00A6500B /* Main.storyboard in Resources */,
				E74DDDCA1CBBD19E00A6500B /* LaunchScreen.xib in Resources */,
				E74DDDC71CBBD19E00A6500B /* Images.xcassets in Resources */,
			);
			runOnlyForDeploymentPostprocessing = 0;
		};
		E74DDDCD1CBBD19E00A6500B /* Resources */ = {
			isa = PBXResourcesBuildPhase;
			buildActionMask = 2147483647;
			files = (
			);
			runOnlyForDeploymentPostprocessing = 0;
		};
/* End PBXResourcesBuildPhase section */

/* Begin PBXSourcesBuildPhase section */
		E74DDDB21CBBD19E00A6500B /* Sources */ = {
			isa = PBXSourcesBuildPhase;
			buildActionMask = 2147483647;
			files = (
				E74DDDC21CBBD19E00A6500B /* ViewController.m in Sources */,
				E74DDDBF1CBBD19E00A6500B /* AppDelegate.m in Sources */,
				E74DDDBC1CBBD19E00A6500B /* main.m in Sources */,
			);
			runOnlyForDeploymentPostprocessing = 0;
		};
		E74DDDCB1CBBD19E00A6500B /* Sources */ = {
			isa = PBXSourcesBuildPhase;
			buildActionMask = 2147483647;
			files = (
				E74DDDD61CBBD19E00A6500B /* ConnectWithAppTests.m in Sources */,
			);
			runOnlyForDeploymentPostprocessing = 0;
		};
/* End PBXSourcesBuildPhase section */

/* Begin PBXTargetDependency section */
		E74DDDD11CBBD19E00A6500B /* PBXTargetDependency */ = {
			isa = PBXTargetDependency;
			target = E74DDDB51CBBD19E00A6500B /* ConnectWithApp */;
			targetProxy = E74DDDD01CBBD19E00A6500B /* PBXContainerItemProxy */;
		};
/* End PBXTargetDependency section */

/* Begin PBXVariantGroup section */
		E74DDDC31CBBD19E00A6500B /* Main.storyboard */ = {
			isa = PBXVariantGroup;
			children = (
				E74DDDC41CBBD19E00A6500B /* Base */,
			);
			name = Main.storyboard;
			sourceTree = "<group>";
		};
		E74DDDC81CBBD19E00A6500B /* LaunchScreen.xib */ = {
			isa = PBXVariantGroup;
			children = (
				E74DDDC91CBBD19E00A6500B /* Base */,
			);
			name = LaunchScreen.xib;
			sourceTree = "<group>";
		};
/* End PBXVariantGroup section */

/* Begin XCBuildConfiguration section */
		E74DDDD71CBBD19E00A6500B /* Debug */ = {
			isa = XCBuildConfiguration;
			buildSettings = {
				ALWAYS_SEARCH_USER_PATHS = NO;
				CLANG_CXX_LANGUAGE_STANDARD = "gnu++0x";
				CLANG_CXX_LIBRARY = "libc++";
				CLANG_ENABLE_MODULES = YES;
				CLANG_ENABLE_OBJC_ARC = YES;
				CLANG_WARN_BOOL_CONVERSION = YES;
				CLANG_WARN_CONSTANT_CONVERSION = YES;
				CLANG_WARN_DIRECT_OBJC_ISA_USAGE = YES_ERROR;
				CLANG_WARN_EMPTY_BODY = YES;
				CLANG_WARN_ENUM_CONVERSION = YES;
				CLANG_WARN_INT_CONVERSION = YES;
				CLANG_WARN_OBJC_ROOT_CLASS = YES_ERROR;
				CLANG_WARN_UNREACHABLE_CODE = YES;
				CLANG_WARN__DUPLICATE_METHOD_MATCH = YES;
				"CODE_SIGN_IDENTITY[sdk=iphoneos*]" = "iPhone Developer";
				COPY_PHASE_STRIP = NO;
				ENABLE_STRICT_OBJC_MSGSEND = YES;
				GCC_C_LANGUAGE_STANDARD = gnu99;
				GCC_DYNAMIC_NO_PIC = NO;
				GCC_OPTIMIZATION_LEVEL = 0;
				GCC_PREPROCESSOR_DEFINITIONS = (
					"DEBUG=1",
					"$(inherited)",
				);
				GCC_SYMBOLS_PRIVATE_EXTERN = NO;
				GCC_WARN_64_TO_32_BIT_CONVERSION = YES;
				GCC_WARN_ABOUT_RETURN_TYPE = YES_ERROR;
				GCC_WARN_UNDECLARED_SELECTOR = YES;
				GCC_WARN_UNINITIALIZED_AUTOS = YES_AGGRESSIVE;
				GCC_WARN_UNUSED_FUNCTION = YES;
				GCC_WARN_UNUSED_VARIABLE = YES;
				IPHONEOS_DEPLOYMENT_TARGET = 8.1;
				MTL_ENABLE_DEBUG_INFO = YES;
				ONLY_ACTIVE_ARCH = YES;
				SDKROOT = iphoneos;
			};
			name = Debug;
		};
		E74DDDD81CBBD19E00A6500B /* Release */ = {
			isa = XCBuildConfiguration;
			buildSettings = {
				ALWAYS_SEARCH_USER_PATHS = NO;
				CLANG_CXX_LANGUAGE_STANDARD = "gnu++0x";
				CLANG_CXX_LIBRARY = "libc++";
				CLANG_ENABLE_MODULES = YES;
				CLANG_ENABLE_OBJC_ARC = YES;
				CLANG_WARN_BOOL_CONVERSION = YES;
				CLANG_WARN_CONSTANT_CONVERSION = YES;
				CLANG_WARN_DIRECT_OBJC_ISA_USAGE = YES_ERROR;
				CLANG_WARN_EMPTY_BODY = YES;
				CLANG_WARN_ENUM_CONVERSION = YES;
				CLANG_WARN_INT_CONVERSION = YES;
				CLANG_WARN_OBJC_ROOT_CLASS = YES_ERROR;
				CLANG_WARN_UNREACHABLE_CODE = YES;
				CLANG_WARN__DUPLICATE_METHOD_MATCH = YES;
				"CODE_SIGN_IDENTITY[sdk=iphoneos*]" = "iPhone Developer";
				COPY_PHASE_STRIP = YES;
				ENABLE_NS_ASSERTIONS = NO;
				ENABLE_STRICT_OBJC_MSGSEND = YES;
				GCC_C_LANGUAGE_STANDARD = gnu99;
				GCC_WARN_64_TO_32_BIT_CONVERSION = YES;
				GCC_WARN_ABOUT_RETURN_TYPE = YES_ERROR;
				GCC_WARN_UNDECLARED_SELECTOR = YES;
				GCC_WARN_UNINITIALIZED_AUTOS = YES_AGGRESSIVE;
				GCC_WARN_UNUSED_FUNCTION = YES;
				GCC_WARN_UNUSED_VARIABLE = YES;
				IPHONEOS_DEPLOYMENT_TARGET = 8.1;
				MTL_ENABLE_DEBUG_INFO = NO;
				SDKROOT = iphoneos;
				VALIDATE_PRODUCT = YES;
			};
			name = Release;
		};
		E74DDDDA1CBBD19E00A6500B /* Debug */ = {
			isa = XCBuildConfiguration;
			buildSettings = {
				ASSETCATALOG_COMPILER_APPICON_NAME = AppIcon;
				INFOPLIST_FILE = ConnectWithApp/Info.plist;
				LD_RUNPATH_SEARCH_PATHS = "$(inherited) @executable_path/Frameworks";
				PRODUCT_NAME = "$(TARGET_NAME)";
			};
			name = Debug;
		};
		E74DDDDB1CBBD19E00A6500B /* Release */ = {
			isa = XCBuildConfiguration;
			buildSettings = {
				ASSETCATALOG_COMPILER_APPICON_NAME = AppIcon;
				INFOPLIST_FILE = ConnectWithApp/Info.plist;
				LD_RUNPATH_SEARCH_PATHS = "$(inherited) @executable_path/Frameworks";
				PRODUCT_NAME = "$(TARGET_NAME)";
			};
			name = Release;
		};
		E74DDDDD1CBBD19E00A6500B /* Debug */ = {
			isa = XCBuildConfiguration;
			buildSettings = {
				BUNDLE_LOADER = "$(TEST_HOST)";
				FRAMEWORK_SEARCH_PATHS = (
					"$(SDKROOT)/Developer/Library/Frameworks",
					"$(inherited)",
				);
				GCC_PREPROCESSOR_DEFINITIONS = (
					"DEBUG=1",
					"$(inherited)",
				);
				INFOPLIST_FILE = ConnectWithAppTests/Info.plist;
				LD_RUNPATH_SEARCH_PATHS = "$(inherited) @executable_path/Frameworks @loader_path/Frameworks";
				PRODUCT_NAME = "$(TARGET_NAME)";
				TEST_HOST = "$(BUILT_PRODUCTS_DIR)/ConnectWithApp.app/ConnectWithApp";
			};
			name = Debug;
		};
		E74DDDDE1CBBD19E00A6500B /* Release */ = {
			isa = XCBuildConfiguration;
			buildSettings = {
				BUNDLE_LOADER = "$(TEST_HOST)";
				FRAMEWORK_SEARCH_PATHS = (
					"$(SDKROOT)/Developer/Library/Frameworks",
					"$(inherited)",
				);
				INFOPLIST_FILE = ConnectWithAppTests/Info.plist;
				LD_RUNPATH_SEARCH_PATHS = "$(inherited) @executable_path/Frameworks @loader_path/Frameworks";
				PRODUCT_NAME = "$(TARGET_NAME)";
				TEST_HOST = "$(BUILT_PRODUCTS_DIR)/ConnectWithApp.app/ConnectWithApp";
			};
			name = Release;
		};
/* End XCBuildConfiguration section */

/* Begin XCConfigurationList section */
		E74DDDB11CBBD19E00A6500B /* Build configuration list for PBXProject "ConnectWithApp" */ = {
			isa = XCConfigurationList;
			buildConfigurations = (
				E74DDDD71CBBD19E00A6500B /* Debug */,
				E74DDDD81CBBD19E00A6500B /* Release */,
			);
			defaultConfigurationIsVisible = 0;
			defaultConfigurationName = Release;
		};
		E74DDDD91CBBD19E00A6500B /* Build configuration list for PBXNativeTarget "ConnectWithApp" */ = {
			isa = XCConfigurationList;
			buildConfigurations = (
				E74DDDDA1CBBD19E00A6500B /* Debug */,
				E74DDDDB1CBBD19E00A6500B /* Release */,
			);
			defaultConfigurationIsVisible = 0;
		};
		E74DDDDC1CBBD19E00A6500B /* Build configuration list for PBXNativeTarget "ConnectWithAppTests" */ = {
			isa = XCConfigurationList;
			buildConfigurations = (
				E74DDDDD1CBBD19E00A6500B /* Debug */,
				E74DDDDE1CBBD19E00A6500B /* Release */,
			);
			defaultConfigurationIsVisible = 0;
		};
/* End XCConfigurationList section */
	};
	rootObject = E74DDDAE1CBBD19E00A6500B /* Project object */;
}
